
Microsoft Visual Studio Solution File, Format Version 12.00
# Visual Studio Version 16
VisualStudioVersion = 16.0.29215.179
MinimumVisualStudioVersion = 10.0.40219.1
Project("{FAE04EC0-301F-11D3-BF4B-00C04F79EFBC}") = "API", "API\API.csproj", "{E1F156F6-EEDF-41D1-BD21-E0DCF9816975}"
EndProject
Project("{9A19103F-16F7-4668-BE54-9A1E7A4F7556}") = "Data", "Data\Data.csproj", "{2B1D8813-64A4-4D07-A4F0-EB8CC6B34EBD}"
EndProject
Project("{9A19103F-16F7-4668-BE54-9A1E7A4F7556}") = "ElmLibrary", "ElmLibrary\ElmLibrary.csproj", "{226B9E9A-20A0-4CBC-9DC1-4BDA3317C240}"
EndProject
Global
	GlobalSection(SolutionConfigurationPlatforms) = preSolution
		Debug|Any CPU = Debug|Any CPU
		Release|Any CPU = Release|Any CPU
	EndGlobalSection
	GlobalSection(ProjectConfigurationPlatforms) = postSolution
		{E1F156F6-EEDF-41D1-BD21-E0DCF9816975}.Debug|Any CPU.ActiveCfg = Debug|Any CPU
		{E1F156F6-EEDF-41D1-BD21-E0DCF9816975}.Debug|Any CPU.Build.0 = Debug|Any CPU
		{E1F156F6-EEDF-41D1-BD21-E0DCF9816975}.Release|Any CPU.ActiveCfg = Release|Any CPU
		{E1F156F6-EEDF-41D1-BD21-E0DCF9816975}.Release|Any CPU.Build.0 = Release|Any CPU
		{2B1D8813-64A4-4D07-A4F0-EB8CC6B34EBD}.Debug|Any CPU.ActiveCfg = Debug|Any CPU
		{2B1D8813-64A4-4D07-A4F0-EB8CC6B34EBD}.Debug|Any CPU.Build.0 = Debug|Any CPU
		{2B1D8813-64A4-4D07-A4F0-EB8CC6B34EBD}.Release|Any CPU.ActiveCfg = Release|Any CPU
		{2B1D8813-64A4-4D07-A4F0-EB8CC6B34EBD}.Release|Any CPU.Build.0 = Release|Any CPU
		{226B9E9A-20A0-4CBC-9DC1-4BDA3317C240}.Debug|Any CPU.ActiveCfg = Debug|Any CPU
		{226B9E9A-20A0-4CBC-9DC1-4BDA3317C240}.Debug|Any CPU.Build.0 = Debug|Any CPU
		{226B9E9A-20A0-4CBC-9DC1-4BDA3317C240}.Release|Any CPU.ActiveCfg = Release|Any CPU
		{226B9E9A-20A0-4CBC-9DC1-4BDA3317C240}.Release|Any CPU.Build.0 = Release|Any CPU
	EndGlobalSection
	GlobalSection(SolutionProperties) = preSolution
		HideSolutionNode = FALSE
	EndGlobalSection
	GlobalSection(ExtensibilityGlobals) = postSolution
		SolutionGuid = {35DBA3F1-05D9-468B-BEB9-0792FACC05BB}
	EndGlobalSection
EndGlobal
